
Microsoft Visual Studio Solution File, Format Version 12.00
# Visual Studio 2013
VisualStudioVersion = 12.0.21005.1
MinimumVisualStudioVersion = 10.0.40219.1
Project("{FAE04EC0-301F-11D3-BF4B-00C04F79EFBC}") = "BL", "BL\BL.csproj", "{F69A46A4-6EF3-48C2-91DE-3A77385CA933}"
EndProject
Project("{FAE04EC0-301F-11D3-BF4B-00C04F79EFBC}") = "WS", "WS\WS.csproj", "{2A3394E0-2664-49E5-8209-4A4F8E2FA6C1}"
EndProject
Project("{FAE04EC0-301F-11D3-BF4B-00C04F79EFBC}") = "AppWeb", "AppWeb\AppWeb.csproj", "{5796E547-D045-4FDE-9AD3-D61586FE9722}"
	ProjectSection(ProjectDependencies) = postProject
		{2A3394E0-2664-49E5-8209-4A4F8E2FA6C1} = {2A3394E0-2664-49E5-8209-4A4F8E2FA6C1}
	EndProjectSection
EndProject
Project("{FAE04EC0-301F-11D3-BF4B-00C04F79EFBC}") = "DAL", "DAL\DAL.csproj", "{3B606870-54ED-4B05-9D57-CD208F8F7861}"
EndProject
Project("{FAE04EC0-301F-11D3-BF4B-00C04F79EFBC}") = "BO", "BO\BO.csproj", "{071F6130-A375-4715-9EF5-0D3DEC440046}"
EndProject
Project("{FAE04EC0-301F-11D3-BF4B-00C04F79EFBC}") = "DTO", "DTO\DTO.csproj", "{C9CCBD3B-5823-4ABB-A970-823461872858}"
EndProject
Global
	GlobalSection(SolutionConfigurationPlatforms) = preSolution
		Debug|Any CPU = Debug|Any CPU
		Release|Any CPU = Release|Any CPU
		ReleaseBinaries|Any CPU = ReleaseBinaries|Any CPU
	EndGlobalSection
	GlobalSection(ProjectConfigurationPlatforms) = postSolution
		{F69A46A4-6EF3-48C2-91DE-3A77385CA933}.Debug|Any CPU.ActiveCfg = Debug|Any CPU
		{F69A46A4-6EF3-48C2-91DE-3A77385CA933}.Debug|Any CPU.Build.0 = Debug|Any CPU
		{F69A46A4-6EF3-48C2-91DE-3A77385CA933}.Release|Any CPU.ActiveCfg = Release|Any CPU
		{F69A46A4-6EF3-48C2-91DE-3A77385CA933}.Release|Any CPU.Build.0 = Release|Any CPU
		{F69A46A4-6EF3-48C2-91DE-3A77385CA933}.ReleaseBinaries|Any CPU.ActiveCfg = Release|Any CPU
		{F69A46A4-6EF3-48C2-91DE-3A77385CA933}.ReleaseBinaries|Any CPU.Build.0 = Release|Any CPU
		{2A3394E0-2664-49E5-8209-4A4F8E2FA6C1}.Debug|Any CPU.ActiveCfg = Debug|Any CPU
		{2A3394E0-2664-49E5-8209-4A4F8E2FA6C1}.Debug|Any CPU.Build.0 = Debug|Any CPU
		{2A3394E0-2664-49E5-8209-4A4F8E2FA6C1}.Release|Any CPU.ActiveCfg = Release|Any CPU
		{2A3394E0-2664-49E5-8209-4A4F8E2FA6C1}.Release|Any CPU.Build.0 = Release|Any CPU
		{2A3394E0-2664-49E5-8209-4A4F8E2FA6C1}.ReleaseBinaries|Any CPU.ActiveCfg = Release|Any CPU
		{2A3394E0-2664-49E5-8209-4A4F8E2FA6C1}.ReleaseBinaries|Any CPU.Build.0 = Release|Any CPU
		{5796E547-D045-4FDE-9AD3-D61586FE9722}.Debug|Any CPU.ActiveCfg = Debug|Any CPU
		{5796E547-D045-4FDE-9AD3-D61586FE9722}.Debug|Any CPU.Build.0 = Debug|Any CPU
		{5796E547-D045-4FDE-9AD3-D61586FE9722}.Release|Any CPU.ActiveCfg = Release|Any CPU
		{5796E547-D045-4FDE-9AD3-D61586FE9722}.Release|Any CPU.Build.0 = Release|Any CPU
		{5796E547-D045-4FDE-9AD3-D61586FE9722}.ReleaseBinaries|Any CPU.ActiveCfg = Release|Any CPU
		{5796E547-D045-4FDE-9AD3-D61586FE9722}.ReleaseBinaries|Any CPU.Build.0 = Release|Any CPU
		{3B606870-54ED-4B05-9D57-CD208F8F7861}.Debug|Any CPU.ActiveCfg = Debug|Any CPU
		{3B606870-54ED-4B05-9D57-CD208F8F7861}.Debug|Any CPU.Build.0 = Debug|Any CPU
		{3B606870-54ED-4B05-9D57-CD208F8F7861}.Release|Any CPU.ActiveCfg = Release|Any CPU
		{3B606870-54ED-4B05-9D57-CD208F8F7861}.Release|Any CPU.Build.0 = Release|Any CPU
		{3B606870-54ED-4B05-9D57-CD208F8F7861}.ReleaseBinaries|Any CPU.ActiveCfg = Release|Any CPU
		{3B606870-54ED-4B05-9D57-CD208F8F7861}.ReleaseBinaries|Any CPU.Build.0 = Release|Any CPU
		{071F6130-A375-4715-9EF5-0D3DEC440046}.Debug|Any CPU.ActiveCfg = Debug|Any CPU
		{071F6130-A375-4715-9EF5-0D3DEC440046}.Debug|Any CPU.Build.0 = Debug|Any CPU
		{071F6130-A375-4715-9EF5-0D3DEC440046}.Release|Any CPU.ActiveCfg = Release|Any CPU
		{071F6130-A375-4715-9EF5-0D3DEC440046}.Release|Any CPU.Build.0 = Release|Any CPU
		{071F6130-A375-4715-9EF5-0D3DEC440046}.ReleaseBinaries|Any CPU.ActiveCfg = Release|Any CPU
		{071F6130-A375-4715-9EF5-0D3DEC440046}.ReleaseBinaries|Any CPU.Build.0 = Release|Any CPU
		{C9CCBD3B-5823-4ABB-A970-823461872858}.Debug|Any CPU.ActiveCfg = Debug|Any CPU
		{C9CCBD3B-5823-4ABB-A970-823461872858}.Debug|Any CPU.Build.0 = Debug|Any CPU
		{C9CCBD3B-5823-4ABB-A970-823461872858}.Release|Any CPU.ActiveCfg = Release|Any CPU
		{C9CCBD3B-5823-4ABB-A970-823461872858}.Release|Any CPU.Build.0 = Release|Any CPU
		{C9CCBD3B-5823-4ABB-A970-823461872858}.ReleaseBinaries|Any CPU.ActiveCfg = Release|Any CPU
		{C9CCBD3B-5823-4ABB-A970-823461872858}.ReleaseBinaries|Any CPU.Build.0 = Release|Any CPU
	EndGlobalSection
	GlobalSection(SolutionProperties) = preSolution
		HideSolutionNode = FALSE
	EndGlobalSection
EndGlobal
